{
  "requires": true,
  "lockfileVersion": 1,
  "dependencies": {
    "bootstrap-autocomplete": {
      "version": "2.3.4",
      "resolved": "https://registry.npmjs.org/bootstrap-autocomplete/-/bootstrap-autocomplete-2.3.4.tgz",
      "integrity": "sha512-VroJnE61c9DShfAV0ShVHlv9f+hyuhSStO4E6b/P3HLWXn4Ejeqox8x86xWZL0l8ytxmGPMdYaqKOst1iwCgmg=="
    }
  }
}
